
Microsoft Visual Studio Solution File, Format Version 12.00
# Visual Studio Version 17
VisualStudioVersion = 17.3.32922.545
MinimumVisualStudioVersion = 10.0.40219.1
Project("{9A19103F-16F7-4668-BE54-9A1E7A4F7556}") = "WasiOrleans", "WasiOrleans.csproj", "{D44DF5D1-1633-4E37-BE37-94CCF9792945}"
EndProject
Global
	GlobalSection(SolutionConfigurationPlatforms) = preSolution
		Debug|Any CPU = Debug|Any CPU
		Release|Any CPU = Release|Any CPU
	EndGlobalSection
	GlobalSection(ProjectConfigurationPlatforms) = postSolution
		{D44DF5D1-1633-4E37-BE37-94CCF9792945}.Debug|Any CPU.ActiveCfg = Debug|Any CPU
		{D44DF5D1-1633-4E37-BE37-94CCF9792945}.Debug|Any CPU.Build.0 = Debug|Any CPU
		{D44DF5D1-1633-4E37-BE37-94CCF9792945}.Release|Any CPU.ActiveCfg = Release|Any CPU
		{D44DF5D1-1633-4E37-BE37-94CCF9792945}.Release|Any CPU.Build.0 = Release|Any CPU
	EndGlobalSection
	GlobalSection(SolutionProperties) = preSolution
		HideSolutionNode = FALSE
	EndGlobalSection
	GlobalSection(ExtensibilityGlobals) = postSolution
		SolutionGuid = {151ECAE6-B4D5-4D46-8439-1398E790409A}
	EndGlobalSection
EndGlobal
