
Microsoft Visual Studio Solution File, Format Version 12.00
# Visual Studio Version 17
VisualStudioVersion = 17.3.32922.545
MinimumVisualStudioVersion = 10.0.40219.1
Project("{9A19103F-16F7-4668-BE54-9A1E7A4F7556}") = "aspnet-wasmtime", "aspnet-wasmtime.csproj", "{0F503683-B3B1-44DB-8690-913DA999E972}"
EndProject
Global
	GlobalSection(SolutionConfigurationPlatforms) = preSolution
		Debug|Any CPU = Debug|Any CPU
		Release|Any CPU = Release|Any CPU
	EndGlobalSection
	GlobalSection(ProjectConfigurationPlatforms) = postSolution
		{0F503683-B3B1-44DB-8690-913DA999E972}.Debug|Any CPU.ActiveCfg = Debug|Any CPU
		{0F503683-B3B1-44DB-8690-913DA999E972}.Debug|Any CPU.Build.0 = Debug|Any CPU
		{0F503683-B3B1-44DB-8690-913DA999E972}.Release|Any CPU.ActiveCfg = Release|Any CPU
		{0F503683-B3B1-44DB-8690-913DA999E972}.Release|Any CPU.Build.0 = Release|Any CPU
	EndGlobalSection
	GlobalSection(SolutionProperties) = preSolution
		HideSolutionNode = FALSE
	EndGlobalSection
	GlobalSection(ExtensibilityGlobals) = postSolution
		SolutionGuid = {CFDE7B90-395C-4A73-81CB-D9AE1DEEE5B0}
	EndGlobalSection
EndGlobal
